
Microsoft Visual Studio Solution File, Format Version 11.00
# Visual Studio 2010
Project("{8BC9CEB8-8B4A-11D0-8D11-00A0C91BC942}") = "wind-para", "wind-para\wind-para.vcxproj", "{6D448527-0B6F-493A-88B6-1D6DCCCF468C}"
EndProject
Global
	GlobalSection(SolutionConfigurationPlatforms) = preSolution
		Debug|Win32 = Debug|Win32
		Release|Win32 = Release|Win32
	EndGlobalSection
	GlobalSection(ProjectConfigurationPlatforms) = postSolution
		{6D448527-0B6F-493A-88B6-1D6DCCCF468C}.Debug|Win32.ActiveCfg = Debug|Win32
		{6D448527-0B6F-493A-88B6-1D6DCCCF468C}.Debug|Win32.Build.0 = Debug|Win32
		{6D448527-0B6F-493A-88B6-1D6DCCCF468C}.Release|Win32.ActiveCfg = Release|Win32
		{6D448527-0B6F-493A-88B6-1D6DCCCF468C}.Release|Win32.Build.0 = Release|Win32
	EndGlobalSection
	GlobalSection(SolutionProperties) = preSolution
		HideSolutionNode = FALSE
	EndGlobalSection
EndGlobal
